
Microsoft Visual Studio Solution File, Format Version 12.00
# Visual Studio Version 17
VisualStudioVersion = 17.1.31911.260
MinimumVisualStudioVersion = 10.0.40219.1
Project("{FAE04EC0-301F-11D3-BF4B-00C04F79EFBC}") = "Nlr-Rapp", "Nlr-Rapp\Nlr-Rapp.csproj", "{5C416E7E-E66C-42FD-9FD3-5F0E336867BD}"
EndProject
Global
	GlobalSection(SolutionConfigurationPlatforms) = preSolution
		Debug|Any CPU = Debug|Any CPU
		Release|Any CPU = Release|Any CPU
	EndGlobalSection
	GlobalSection(ProjectConfigurationPlatforms) = postSolution
		{5C416E7E-E66C-42FD-9FD3-5F0E336867BD}.Debug|Any CPU.ActiveCfg = Debug|Any CPU
		{5C416E7E-E66C-42FD-9FD3-5F0E336867BD}.Debug|Any CPU.Build.0 = Debug|Any CPU
		{5C416E7E-E66C-42FD-9FD3-5F0E336867BD}.Release|Any CPU.ActiveCfg = Release|Any CPU
		{5C416E7E-E66C-42FD-9FD3-5F0E336867BD}.Release|Any CPU.Build.0 = Release|Any CPU
	EndGlobalSection
	GlobalSection(SolutionProperties) = preSolution
		HideSolutionNode = FALSE
	EndGlobalSection
	GlobalSection(ExtensibilityGlobals) = postSolution
		SolutionGuid = {68D83BC3-A1F7-4E46-AAFB-001CB27B432E}
	EndGlobalSection
EndGlobal
